// !$*UTF8*$!
{
	archiveVersion = 1;
	classes = {
	};
	objectVersion = 56;
	objects = {

/* Begin PBXBuildFile section */
		CA1A65A12A78BB6800FD8C38 /* AnotherVC.swift in Sources */ = {isa = PBXBuildFile; fileRef = CA1A65A02A78BB6800FD8C38 /* AnotherVC.swift */; };
		E28AF9DB2A724498000C01EA /* AppDelegate.swift in Sources */ = {isa = PBXBuildFile; fileRef = E28AF9DA2A724498000C01EA /* AppDelegate.swift */; };
		E28AF9DD2A724498000C01EA /* SceneDelegate.swift in Sources */ = {isa = PBXBuildFile; fileRef = E28AF9DC2A724498000C01EA /* SceneDelegate.swift */; };
		E28AF9DF2A724498000C01EA /* ViewController.swift in Sources */ = {isa = PBXBuildFile; fileRef = E28AF9DE2A724498000C01EA /* ViewController.swift */; };
		E28AF9E42A724499000C01EA /* Assets.xcassets in Resources */ = {isa = PBXBuildFile; fileRef = E28AF9E32A724499000C01EA /* Assets.xcassets */; };
		E28AF9E72A724499000C01EA /* LaunchScreen.storyboard in Resources */ = {isa = PBXBuildFile; fileRef = E28AF9E52A724499000C01EA /* LaunchScreen.storyboard */; };
		E28AF9F22A724499000C01EA /* BestAppEverTests.swift in Sources */ = {isa = PBXBuildFile; fileRef = E28AF9F12A724499000C01EA /* BestAppEverTests.swift */; };
		E28AF9FC2A724499000C01EA /* BestAppEverUITests.swift in Sources */ = {isa = PBXBuildFile; fileRef = E28AF9FB2A724499000C01EA /* BestAppEverUITests.swift */; };
		E28AF9FE2A724499000C01EA /* BestAppEverUITestsLaunchTests.swift in Sources */ = {isa = PBXBuildFile; fileRef = E28AF9FD2A724499000C01EA /* BestAppEverUITestsLaunchTests.swift */; };
		E28AFA0B2A7247A2000C01EA /* BlueViewController.swift in Sources */ = {isa = PBXBuildFile; fileRef = E28AFA0A2A7247A2000C01EA /* BlueViewController.swift */; };
		E28AFA132A72504C000C01EA /* GreenViewController.swift in Sources */ = {isa = PBXBuildFile; fileRef = E28AFA122A72504C000C01EA /* GreenViewController.swift */; };
		E28AFA152A725118000C01EA /* SwiftUIView.swift in Sources */ = {isa = PBXBuildFile; fileRef = E28AFA142A725118000C01EA /* SwiftUIView.swift */; };
/* End PBXBuildFile section */

/* Begin PBXContainerItemProxy section */
		E28AF9EE2A724499000C01EA /* PBXContainerItemProxy */ = {
			isa = PBXContainerItemProxy;
			containerPortal = E28AF9CF2A724498000C01EA /* Project object */;
			proxyType = 1;
			remoteGlobalIDString = E28AF9D62A724498000C01EA;
			remoteInfo = BestAppEver;
		};
		E28AF9F82A724499000C01EA /* PBXContainerItemProxy */ = {
			isa = PBXContainerItemProxy;
			containerPortal = E28AF9CF2A724498000C01EA /* Project object */;
			proxyType = 1;
			remoteGlobalIDString = E28AF9D62A724498000C01EA;
			remoteInfo = BestAppEver;
		};
/* End PBXContainerItemProxy section */

/* Begin PBXFileReference section */
		CA1A65A02A78BB6800FD8C38 /* AnotherVC.swift */ = {isa = PBXFileReference; lastKnownFileType = sourcecode.swift; path = AnotherVC.swift; sourceTree = "<group>"; };
		E28AF9D72A724498000C01EA /* BestAppEver.app */ = {isa = PBXFileReference; explicitFileType = wrapper.application; includeInIndex = 0; path = BestAppEver.app; sourceTree = BUILT_PRODUCTS_DIR; };
		E28AF9DA2A724498000C01EA /* AppDelegate.swift */ = {isa = PBXFileReference; lastKnownFileType = sourcecode.swift; path = AppDelegate.swift; sourceTree = "<group>"; };
		E28AF9DC2A724498000C01EA /* SceneDelegate.swift */ = {isa = PBXFileReference; lastKnownFileType = sourcecode.swift; path = SceneDelegate.swift; sourceTree = "<group>"; };
		E28AF9DE2A724498000C01EA /* ViewController.swift */ = {isa = PBXFileReference; lastKnownFileType = sourcecode.swift; path = ViewController.swift; sourceTree = "<group>"; };
		E28AF9E32A724499000C01EA /* Assets.xcassets */ = {isa = PBXFileReference; lastKnownFileType = folder.assetcatalog; path = Assets.xcassets; sourceTree = "<group>"; };
		E28AF9E62A724499000C01EA /* Base */ = {isa = PBXFileReference; lastKnownFileType = file.storyboard; name = Base; path = Base.lproj/LaunchScreen.storyboard; sourceTree = "<group>"; };
		E28AF9E82A724499000C01EA /* Info.plist */ = {isa = PBXFileReference; lastKnownFileType = text.plist.xml; path = Info.plist; sourceTree = "<group>"; };
		E28AF9ED2A724499000C01EA /* BestAppEverTests.xctest */ = {isa = PBXFileReference; explicitFileType = wrapper.cfbundle; includeInIndex = 0; path = BestAppEverTests.xctest; sourceTree = BUILT_PRODUCTS_DIR; };
		E28AF9F12A724499000C01EA /* BestAppEverTests.swift */ = {isa = PBXFileReference; lastKnownFileType = sourcecode.swift; path = BestAppEverTests.swift; sourceTree = "<group>"; };
		E28AF9F72A724499000C01EA /* BestAppEverUITests.xctest */ = {isa = PBXFileReference; explicitFileType = wrapper.cfbundle; includeInIndex = 0; path = BestAppEverUITests.xctest; sourceTree = BUILT_PRODUCTS_DIR; };
		E28AF9FB2A724499000C01EA /* BestAppEverUITests.swift */ = {isa = PBXFileReference; lastKnownFileType = sourcecode.swift; path = BestAppEverUITests.swift; sourceTree = "<group>"; };
		E28AF9FD2A724499000C01EA /* BestAppEverUITestsLaunchTests.swift */ = {isa = PBXFileReference; lastKnownFileType = sourcecode.swift; path = BestAppEverUITestsLaunchTests.swift; sourceTree = "<group>"; };
		E28AFA0A2A7247A2000C01EA /* BlueViewController.swift */ = {isa = PBXFileReference; lastKnownFileType = sourcecode.swift; path = BlueViewController.swift; sourceTree = "<group>"; };
		E28AFA122A72504C000C01EA /* GreenViewController.swift */ = {isa = PBXFileReference; lastKnownFileType = sourcecode.swift; path = GreenViewController.swift; sourceTree = "<group>"; };
		E28AFA142A725118000C01EA /* SwiftUIView.swift */ = {isa = PBXFileReference; lastKnownFileType = sourcecode.swift; path = SwiftUIView.swift; sourceTree = "<group>"; };
/* End PBXFileReference section */

/* Begin PBXFrameworksBuildPhase section */
		E28AF9D42A724498000C01EA /* Frameworks */ = {
			isa = PBXFrameworksBuildPhase;
			buildActionMask = 2147483647;
			files = (
			);
			runOnlyForDeploymentPostprocessing = 0;
		};
		E28AF9EA2A724499000C01EA /* Frameworks */ = {
			isa = PBXFrameworksBuildPhase;
			buildActionMask = 2147483647;
			files = (
			);
			runOnlyForDeploymentPostprocessing = 0;
		};
		E28AF9F42A724499000C01EA /* Frameworks */ = {
			isa = PBXFrameworksBuildPhase;
			buildActionMask = 2147483647;
			files = (
			);
			runOnlyForDeploymentPostprocessing = 0;
		};
/* End PBXFrameworksBuildPhase section */

/* Begin PBXGroup section */
		E28AF9CE2A724498000C01EA = {
			isa = PBXGroup;
			children = (
				E28AF9D92A724498000C01EA /* BestAppEver */,
				E28AF9F02A724499000C01EA /* BestAppEverTests */,
				E28AF9FA2A724499000C01EA /* BestAppEverUITests */,
				E28AF9D82A724498000C01EA /* Products */,
			);
			sourceTree = "<group>";
		};
		E28AF9D82A724498000C01EA /* Products */ = {
			isa = PBXGroup;
			children = (
				E28AF9D72A724498000C01EA /* BestAppEver.app */,
				E28AF9ED2A724499000C01EA /* BestAppEverTests.xctest */,
				E28AF9F72A724499000C01EA /* BestAppEverUITests.xctest */,
			);
			name = Products;
			sourceTree = "<group>";
		};
		E28AF9D92A724498000C01EA /* BestAppEver */ = {
			isa = PBXGroup;
			children = (
				E28AF9DA2A724498000C01EA /* AppDelegate.swift */,
				E28AF9DC2A724498000C01EA /* SceneDelegate.swift */,
				E28AF9DE2A724498000C01EA /* ViewController.swift */,
				CA1A65A02A78BB6800FD8C38 /* AnotherVC.swift */,
				E28AFA122A72504C000C01EA /* GreenViewController.swift */,
				E28AFA0A2A7247A2000C01EA /* BlueViewController.swift */,
				E28AF9E32A724499000C01EA /* Assets.xcassets */,
				E28AF9E52A724499000C01EA /* LaunchScreen.storyboard */,
				E28AF9E82A724499000C01EA /* Info.plist */,
				E28AFA142A725118000C01EA /* SwiftUIView.swift */,
			);
			path = BestAppEver;
			sourceTree = "<group>";
		};
		E28AF9F02A724499000C01EA /* BestAppEverTests */ = {
			isa = PBXGroup;
			children = (
				E28AF9F12A724499000C01EA /* BestAppEverTests.swift */,
			);
			path = BestAppEverTests;
			sourceTree = "<group>";
		};
		E28AF9FA2A724499000C01EA /* BestAppEverUITests */ = {
			isa = PBXGroup;
			children = (
				E28AF9FB2A724499000C01EA /* BestAppEverUITests.swift */,
				E28AF9FD2A724499000C01EA /* BestAppEverUITestsLaunchTests.swift */,
			);
			path = BestAppEverUITests;
			sourceTree = "<group>";
		};
/* End PBXGroup section */

/* Begin PBXNativeTarget section */
		E28AF9D62A724498000C01EA /* BestAppEver */ = {
			isa = PBXNativeTarget;
			buildConfigurationList = E28AFA012A724499000C01EA /* Build configuration list for PBXNativeTarget "BestAppEver" */;
			buildPhases = (
				E28AF9D32A724498000C01EA /* Sources */,
				E28AF9D42A724498000C01EA /* Frameworks */,
				E28AF9D52A724498000C01EA /* Resources */,
			);
			buildRules = (
			);
			dependencies = (
			);
			name = BestAppEver;
			packageProductDependencies = (
			);
			productName = BestAppEver;
			productReference = E28AF9D72A724498000C01EA /* BestAppEver.app */;
			productType = "com.apple.product-type.application";
		};
		E28AF9EC2A724499000C01EA /* BestAppEverTests */ = {
			isa = PBXNativeTarget;
			buildConfigurationList = E28AFA042A724499000C01EA /* Build configuration list for PBXNativeTarget "BestAppEverTests" */;
			buildPhases = (
				E28AF9E92A724499000C01EA /* Sources */,
				E28AF9EA2A724499000C01EA /* Frameworks */,
				E28AF9EB2A724499000C01EA /* Resources */,
			);
			buildRules = (
			);
			dependencies = (
				E28AF9EF2A724499000C01EA /* PBXTargetDependency */,
			);
			name = BestAppEverTests;
			productName = BestAppEverTests;
			productReference = E28AF9ED2A724499000C01EA /* BestAppEverTests.xctest */;
			productType = "com.apple.product-type.bundle.unit-test";
		};
		E28AF9F62A724499000C01EA /* BestAppEverUITests */ = {
			isa = PBXNativeTarget;
			buildConfigurationList = E28AFA072A724499000C01EA /* Build configuration list for PBXNativeTarget "BestAppEverUITests" */;
			buildPhases = (
				E28AF9F32A724499000C01EA /* Sources */,
				E28AF9F42A724499000C01EA /* Frameworks */,
				E28AF9F52A724499000C01EA /* Resources */,
			);
			buildRules = (
			);
			dependencies = (
				E28AF9F92A724499000C01EA /* PBXTargetDependency */,
			);
			name = BestAppEverUITests;
			productName = BestAppEverUITests;
			productReference = E28AF9F72A724499000C01EA /* BestAppEverUITests.xctest */;
			productType = "com.apple.product-type.bundle.ui-testing";
		};
/* End PBXNativeTarget section */

/* Begin PBXProject section */
		E28AF9CF2A724498000C01EA /* Project object */ = {
			isa = PBXProject;
			attributes = {
				BuildIndependentTargetsInParallel = 1;
				LastSwiftUpdateCheck = 1430;
				LastUpgradeCheck = 1430;
				TargetAttributes = {
					E28AF9D62A724498000C01EA = {
						CreatedOnToolsVersion = 14.3.1;
					};
					E28AF9EC2A724499000C01EA = {
						CreatedOnToolsVersion = 14.3.1;
						TestTargetID = E28AF9D62A724498000C01EA;
					};
					E28AF9F62A724499000C01EA = {
						CreatedOnToolsVersion = 14.3.1;
						TestTargetID = E28AF9D62A724498000C01EA;
					};
				};
			};
			buildConfigurationList = E28AF9D22A724498000C01EA /* Build configuration list for PBXProject "BestAppEver" */;
			compatibilityVersion = "Xcode 14.0";
			developmentRegion = en;
			hasScannedForEncodings = 0;
			knownRegions = (
				en,
				Base,
			);
			mainGroup = E28AF9CE2A724498000C01EA;
			packageReferences = (
				E28AFA0C2A724A99000C01EA /* XCRemoteSwiftPackageReference "SnapKit" */,
				E28AFA0F2A724B1A000C01EA /* XCRemoteSwiftPackageReference "components-ios" */,
			);
			productRefGroup = E28AF9D82A724498000C01EA /* Products */;
			projectDirPath = "";
			projectRoot = "";
			targets = (
				E28AF9D62A724498000C01EA /* BestAppEver */,
				E28AF9EC2A724499000C01EA /* BestAppEverTests */,
				E28AF9F62A724499000C01EA /* BestAppEverUITests */,
			);
		};
/* End PBXProject section */

/* Begin PBXResourcesBuildPhase section */
		E28AF9D52A724498000C01EA /* Resources */ = {
			isa = PBXResourcesBuildPhase;
			buildActionMask = 2147483647;
			files = (
				E28AF9E72A724499000C01EA /* LaunchScreen.storyboard in Resources */,
				E28AF9E42A724499000C01EA /* Assets.xcassets in Resources */,
			);
			runOnlyForDeploymentPostprocessing = 0;
		};
		E28AF9EB2A724499000C01EA /* Resources */ = {
			isa = PBXResourcesBuildPhase;
			buildActionMask = 2147483647;
			files = (
			);
			runOnlyForDeploymentPostprocessing = 0;
		};
		E28AF9F52A724499000C01EA /* Resources */ = {
			isa = PBXResourcesBuildPhase;
			buildActionMask = 2147483647;
			files = (
			);
			runOnlyForDeploymentPostprocessing = 0;
		};
/* End PBXResourcesBuildPhase section */

/* Begin PBXSourcesBuildPhase section */
		E28AF9D32A724498000C01EA /* Sources */ = {
			isa = PBXSourcesBuildPhase;
			buildActionMask = 2147483647;
			files = (
				E28AF9DF2A724498000C01EA /* ViewController.swift in Sources */,
				E28AF9DB2A724498000C01EA /* AppDelegate.swift in Sources */,
				E28AFA152A725118000C01EA /* SwiftUIView.swift in Sources */,
				CA1A65A12A78BB6800FD8C38 /* AnotherVC.swift in Sources */,
				E28AFA0B2A7247A2000C01EA /* BlueViewController.swift in Sources */,
				E28AF9DD2A724498000C01EA /* SceneDelegate.swift in Sources */,
				E28AFA132A72504C000C01EA /* GreenViewController.swift in Sources */,
			);
			runOnlyForDeploymentPostprocessing = 0;
		};
		E28AF9E92A724499000C01EA /* Sources */ = {
			isa = PBXSourcesBuildPhase;
			buildActionMask = 2147483647;
			files = (
				E28AF9F22A724499000C01EA /* BestAppEverTests.swift in Sources */,
			);
			runOnlyForDeploymentPostprocessing = 0;
		};
		E28AF9F32A724499000C01EA /* Sources */ = {
			isa = PBXSourcesBuildPhase;
			buildActionMask = 2147483647;
			files = (
				E28AF9FE2A724499000C01EA /* BestAppEverUITestsLaunchTests.swift in Sources */,
				E28AF9FC2A724499000C01EA /* BestAppEverUITests.swift in Sources */,
			);
			runOnlyForDeploymentPostprocessing = 0;
		};
/* End PBXSourcesBuildPhase section */

/* Begin PBXTargetDependency section */
		E28AF9EF2A724499000C01EA /* PBXTargetDependency */ = {
			isa = PBXTargetDependency;
			target = E28AF9D62A724498000C01EA /* BestAppEver */;
			targetProxy = E28AF9EE2A724499000C01EA /* PBXContainerItemProxy */;
		};
		E28AF9F92A724499000C01EA /* PBXTargetDependency */ = {
			isa = PBXTargetDependency;
			target = E28AF9D62A724498000C01EA /* BestAppEver */;
			targetProxy = E28AF9F82A724499000C01EA /* PBXContainerItemProxy */;
		};
/* End PBXTargetDependency section */

/* Begin PBXVariantGroup section */
		E28AF9E52A724499000C01EA /* LaunchScreen.storyboard */ = {
			isa = PBXVariantGroup;
			children = (
				E28AF9E62A724499000C01EA /* Base */,
			);
			name = LaunchScreen.storyboard;
			sourceTree = "<group>";
		};
/* End PBXVariantGroup section */

/* Begin XCBuildConfiguration section */
		E28AF9FF2A724499000C01EA /* Debug */ = {
			isa = XCBuildConfiguration;
			buildSettings = {
				ALWAYS_SEARCH_USER_PATHS = NO;
				CLANG_ANALYZER_NONNULL = YES;
				CLANG_ANALYZER_NUMBER_OBJECT_CONVERSION = YES_AGGRESSIVE;
				CLANG_CXX_LANGUAGE_STANDARD = "gnu++20";
				CLANG_ENABLE_MODULES = YES;
				CLANG_ENABLE_OBJC_ARC = YES;
				CLANG_ENABLE_OBJC_WEAK = YES;
				CLANG_WARN_BLOCK_CAPTURE_AUTORELEASING = YES;
				CLANG_WARN_BOOL_CONVERSION = YES;
				CLANG_WARN_COMMA = YES;
				CLANG_WARN_CONSTANT_CONVERSION = YES;
				CLANG_WARN_DEPRECATED_OBJC_IMPLEMENTATIONS = YES;
				CLANG_WARN_DIRECT_OBJC_ISA_USAGE = YES_ERROR;
				CLANG_WARN_DOCUMENTATION_COMMENTS = YES;
				CLANG_WARN_EMPTY_BODY = YES;
				CLANG_WARN_ENUM_CONVERSION = YES;
				CLANG_WARN_INFINITE_RECURSION = YES;
				CLANG_WARN_INT_CONVERSION = YES;
				CLANG_WARN_NON_LITERAL_NULL_CONVERSION = YES;
				CLANG_WARN_OBJC_IMPLICIT_RETAIN_SELF = YES;
				CLANG_WARN_OBJC_LITERAL_CONVERSION = YES;
				CLANG_WARN_OBJC_ROOT_CLASS = YES_ERROR;
				CLANG_WARN_QUOTED_INCLUDE_IN_FRAMEWORK_HEADER = YES;
				CLANG_WARN_RANGE_LOOP_ANALYSIS = YES;
				CLANG_WARN_STRICT_PROTOTYPES = YES;
				CLANG_WARN_SUSPICIOUS_MOVE = YES;
				CLANG_WARN_UNGUARDED_AVAILABILITY = YES_AGGRESSIVE;
				CLANG_WARN_UNREACHABLE_CODE = YES;
				CLANG_WARN__DUPLICATE_METHOD_MATCH = YES;
				COPY_PHASE_STRIP = NO;
				DEBUG_INFORMATION_FORMAT = dwarf;
				ENABLE_STRICT_OBJC_MSGSEND = YES;
				ENABLE_TESTABILITY = YES;
				GCC_C_LANGUAGE_STANDARD = gnu11;
				GCC_DYNAMIC_NO_PIC = NO;
				GCC_NO_COMMON_BLOCKS = YES;
				GCC_OPTIMIZATION_LEVEL = 0;
				GCC_PREPROCESSOR_DEFINITIONS = (
					"DEBUG=1",
					"$(inherited)",
				);
				GCC_WARN_64_TO_32_BIT_CONVERSION = YES;
				GCC_WARN_ABOUT_RETURN_TYPE = YES_ERROR;
				GCC_WARN_UNDECLARED_SELECTOR = YES;
				GCC_WARN_UNINITIALIZED_AUTOS = YES_AGGRESSIVE;
				GCC_WARN_UNUSED_FUNCTION = YES;
				GCC_WARN_UNUSED_VARIABLE = YES;
				IPHONEOS_DEPLOYMENT_TARGET = 16.4;
				MTL_ENABLE_DEBUG_INFO = INCLUDE_SOURCE;
				MTL_FAST_MATH = YES;
				ONLY_ACTIVE_ARCH = YES;
				SDKROOT = iphoneos;
				SWIFT_ACTIVE_COMPILATION_CONDITIONS = DEBUG;
				SWIFT_OPTIMIZATION_LEVEL = "-Onone";
			};
			name = Debug;
		};
		E28AFA002A724499000C01EA /* Release */ = {
			isa = XCBuildConfiguration;
			buildSettings = {
				ALWAYS_SEARCH_USER_PATHS = NO;
				CLANG_ANALYZER_NONNULL = YES;
				CLANG_ANALYZER_NUMBER_OBJECT_CONVERSION = YES_AGGRESSIVE;
				CLANG_CXX_LANGUAGE_STANDARD = "gnu++20";
				CLANG_ENABLE_MODULES = YES;
				CLANG_ENABLE_OBJC_ARC = YES;
				CLANG_ENABLE_OBJC_WEAK = YES;
				CLANG_WARN_BLOCK_CAPTURE_AUTORELEASING = YES;
				CLANG_WARN_BOOL_CONVERSION = YES;
				CLANG_WARN_COMMA = YES;
				CLANG_WARN_CONSTANT_CONVERSION = YES;
				CLANG_WARN_DEPRECATED_OBJC_IMPLEMENTATIONS = YES;
				CLANG_WARN_DIRECT_OBJC_ISA_USAGE = YES_ERROR;
				CLANG_WARN_DOCUMENTATION_COMMENTS = YES;
				CLANG_WARN_EMPTY_BODY = YES;
				CLANG_WARN_ENUM_CONVERSION = YES;
				CLANG_WARN_INFINITE_RECURSION = YES;
				CLANG_WARN_INT_CONVERSION = YES;
				CLANG_WARN_NON_LITERAL_NULL_CONVERSION = YES;
				CLANG_WARN_OBJC_IMPLICIT_RETAIN_SELF = YES;
				CLANG_WARN_OBJC_LITERAL_CONVERSION = YES;
				CLANG_WARN_OBJC_ROOT_CLASS = YES_ERROR;
				CLANG_WARN_QUOTED_INCLUDE_IN_FRAMEWORK_HEADER = YES;
				CLANG_WARN_RANGE_LOOP_ANALYSIS = YES;
				CLANG_WARN_STRICT_PROTOTYPES = YES;
				CLANG_WARN_SUSPICIOUS_MOVE = YES;
				CLANG_WARN_UNGUARDED_AVAILABILITY = YES_AGGRESSIVE;
				CLANG_WARN_UNREACHABLE_CODE = YES;
				CLANG_WARN__DUPLICATE_METHOD_MATCH = YES;
				COPY_PHASE_STRIP = NO;
				DEBUG_INFORMATION_FORMAT = "dwarf-with-dsym";
				ENABLE_NS_ASSERTIONS = NO;
				ENABLE_STRICT_OBJC_MSGSEND = YES;
				GCC_C_LANGUAGE_STANDARD = gnu11;
				GCC_NO_COMMON_BLOCKS = YES;
				GCC_WARN_64_TO_32_BIT_CONVERSION = YES;
				GCC_WARN_ABOUT_RETURN_TYPE = YES_ERROR;
				GCC_WARN_UNDECLARED_SELECTOR = YES;
				GCC_WARN_UNINITIALIZED_AUTOS = YES_AGGRESSIVE;
				GCC_WARN_UNUSED_FUNCTION = YES;
				GCC_WARN_UNUSED_VARIABLE = YES;
				IPHONEOS_DEPLOYMENT_TARGET = 16.4;
				MTL_ENABLE_DEBUG_INFO = NO;
				MTL_FAST_MATH = YES;
				SDKROOT = iphoneos;
				SWIFT_COMPILATION_MODE = wholemodule;
				SWIFT_OPTIMIZATION_LEVEL = "-O";
				VALIDATE_PRODUCT = YES;
			};
			name = Release;
		};
		E28AFA022A724499000C01EA /* Debug */ = {
			isa = XCBuildConfiguration;
			buildSettings = {
				ASSETCATALOG_COMPILER_APPICON_NAME = AppIcon;
				ASSETCATALOG_COMPILER_GLOBAL_ACCENT_COLOR_NAME = AccentColor;
				CODE_SIGN_STYLE = Automatic;
				CURRENT_PROJECT_VERSION = 1;
				DEVELOPMENT_TEAM = 33GXC7VWW4;
				GENERATE_INFOPLIST_FILE = YES;
				INFOPLIST_FILE = BestAppEver/Info.plist;
				INFOPLIST_KEY_UIApplicationSupportsIndirectInputEvents = YES;
				INFOPLIST_KEY_UILaunchStoryboardName = LaunchScreen;
				INFOPLIST_KEY_UISupportedInterfaceOrientations_iPad = "UIInterfaceOrientationPortrait UIInterfaceOrientationPortraitUpsideDown UIInterfaceOrientationLandscapeLeft UIInterfaceOrientationLandscapeRight";
				INFOPLIST_KEY_UISupportedInterfaceOrientations_iPhone = "UIInterfaceOrientationPortrait UIInterfaceOrientationLandscapeLeft UIInterfaceOrientationLandscapeRight";
				IPHONEOS_DEPLOYMENT_TARGET = 15.4;
				LD_RUNPATH_SEARCH_PATHS = (
					"$(inherited)",
					"@executable_path/Frameworks",
				);
				MARKETING_VERSION = 1.0;
				PRODUCT_BUNDLE_IDENTIFIER = com.johannfong.BestAppEver;
				PRODUCT_NAME = "$(TARGET_NAME)";
				SWIFT_EMIT_LOC_STRINGS = YES;
				SWIFT_VERSION = 5.0;
				TARGETED_DEVICE_FAMILY = "1,2";
			};
			name = Debug;
		};
		E28AFA032A724499000C01EA /* Release */ = {
			isa = XCBuildConfiguration;
			buildSettings = {
				ASSETCATALOG_COMPILER_APPICON_NAME = AppIcon;
				ASSETCATALOG_COMPILER_GLOBAL_ACCENT_COLOR_NAME = AccentColor;
				CODE_SIGN_STYLE = Automatic;
				CURRENT_PROJECT_VERSION = 1;
				DEVELOPMENT_TEAM = 33GXC7VWW4;
				GENERATE_INFOPLIST_FILE = YES;
				INFOPLIST_FILE = BestAppEver/Info.plist;
				INFOPLIST_KEY_UIApplicationSupportsIndirectInputEvents = YES;
				INFOPLIST_KEY_UILaunchStoryboardName = LaunchScreen;
				INFOPLIST_KEY_UISupportedInterfaceOrientations_iPad = "UIInterfaceOrientationPortrait UIInterfaceOrientationPortraitUpsideDown UIInterfaceOrientationLandscapeLeft UIInterfaceOrientationLandscapeRight";
				INFOPLIST_KEY_UISupportedInterfaceOrientations_iPhone = "UIInterfaceOrientationPortrait UIInterfaceOrientationLandscapeLeft UIInterfaceOrientationLandscapeRight";
				IPHONEOS_DEPLOYMENT_TARGET = 15.4;
				LD_RUNPATH_SEARCH_PATHS = (
					"$(inherited)",
					"@executable_path/Frameworks",
				);
				MARKETING_VERSION = 1.0;
				PRODUCT_BUNDLE_IDENTIFIER = com.johannfong.BestAppEver;
				PRODUCT_NAME = "$(TARGET_NAME)";
				SWIFT_EMIT_LOC_STRINGS = YES;
				SWIFT_VERSION = 5.0;
				TARGETED_DEVICE_FAMILY = "1,2";
			};
			name = Release;
		};
		E28AFA052A724499000C01EA /* Debug */ = {
			isa = XCBuildConfiguration;
			buildSettings = {
				ALWAYS_EMBED_SWIFT_STANDARD_LIBRARIES = YES;
				BUNDLE_LOADER = "$(TEST_HOST)";
				CODE_SIGN_STYLE = Automatic;
				CURRENT_PROJECT_VERSION = 1;
				DEVELOPMENT_TEAM = 33GXC7VWW4;
				GENERATE_INFOPLIST_FILE = YES;
				IPHONEOS_DEPLOYMENT_TARGET = 16.4;
				MARKETING_VERSION = 1.0;
				PRODUCT_BUNDLE_IDENTIFIER = com.johannfong.BestAppEverTests;
				PRODUCT_NAME = "$(TARGET_NAME)";
				SWIFT_EMIT_LOC_STRINGS = NO;
				SWIFT_VERSION = 5.0;
				TARGETED_DEVICE_FAMILY = "1,2";
				TEST_HOST = "$(BUILT_PRODUCTS_DIR)/BestAppEver.app/$(BUNDLE_EXECUTABLE_FOLDER_PATH)/BestAppEver";
			};
			name = Debug;
		};
		E28AFA062A724499000C01EA /* Release */ = {
			isa = XCBuildConfiguration;
			buildSettings = {
				ALWAYS_EMBED_SWIFT_STANDARD_LIBRARIES = YES;
				BUNDLE_LOADER = "$(TEST_HOST)";
				CODE_SIGN_STYLE = Automatic;
				CURRENT_PROJECT_VERSION = 1;
				DEVELOPMENT_TEAM = 33GXC7VWW4;
				GENERATE_INFOPLIST_FILE = YES;
				IPHONEOS_DEPLOYMENT_TARGET = 16.4;
				MARKETING_VERSION = 1.0;
				PRODUCT_BUNDLE_IDENTIFIER = com.johannfong.BestAppEverTests;
				PRODUCT_NAME = "$(TARGET_NAME)";
				SWIFT_EMIT_LOC_STRINGS = NO;
				SWIFT_VERSION = 5.0;
				TARGETED_DEVICE_FAMILY = "1,2";
				TEST_HOST = "$(BUILT_PRODUCTS_DIR)/BestAppEver.app/$(BUNDLE_EXECUTABLE_FOLDER_PATH)/BestAppEver";
			};
			name = Release;
		};
		E28AFA082A724499000C01EA /* Debug */ = {
			isa = XCBuildConfiguration;
			buildSettings = {
				ALWAYS_EMBED_SWIFT_STANDARD_LIBRARIES = YES;
				CODE_SIGN_STYLE = Automatic;
				CURRENT_PROJECT_VERSION = 1;
				DEVELOPMENT_TEAM = 33GXC7VWW4;
				GENERATE_INFOPLIST_FILE = YES;
				MARKETING_VERSION = 1.0;
				PRODUCT_BUNDLE_IDENTIFIER = com.johannfong.BestAppEverUITests;
				PRODUCT_NAME = "$(TARGET_NAME)";
				SWIFT_EMIT_LOC_STRINGS = NO;
				SWIFT_VERSION = 5.0;
				TARGETED_DEVICE_FAMILY = "1,2";
				TEST_TARGET_NAME = BestAppEver;
			};
			name = Debug;
		};
		E28AFA092A724499000C01EA /* Release */ = {
			isa = XCBuildConfiguration;
			buildSettings = {
				ALWAYS_EMBED_SWIFT_STANDARD_LIBRARIES = YES;
				CODE_SIGN_STYLE = Automatic;
				CURRENT_PROJECT_VERSION = 1;
				DEVELOPMENT_TEAM = 33GXC7VWW4;
				GENERATE_INFOPLIST_FILE = YES;
				MARKETING_VERSION = 1.0;
				PRODUCT_BUNDLE_IDENTIFIER = com.johannfong.BestAppEverUITests;
				PRODUCT_NAME = "$(TARGET_NAME)";
				SWIFT_EMIT_LOC_STRINGS = NO;
				SWIFT_VERSION = 5.0;
				TARGETED_DEVICE_FAMILY = "1,2";
				TEST_TARGET_NAME = BestAppEver;
			};
			name = Release;
		};
/* End XCBuildConfiguration section */

/* Begin XCConfigurationList section */
		E28AF9D22A724498000C01EA /* Build configuration list for PBXProject "BestAppEver" */ = {
			isa = XCConfigurationList;
			buildConfigurations = (
				E28AF9FF2A724499000C01EA /* Debug */,
				E28AFA002A724499000C01EA /* Release */,
			);
			defaultConfigurationIsVisible = 0;
			defaultConfigurationName = Release;
		};
		E28AFA012A724499000C01EA /* Build configuration list for PBXNativeTarget "BestAppEver" */ = {
			isa = XCConfigurationList;
			buildConfigurations = (
				E28AFA022A724499000C01EA /* Debug */,
				E28AFA032A724499000C01EA /* Release */,
			);
			defaultConfigurationIsVisible = 0;
			defaultConfigurationName = Release;
		};
		E28AFA042A724499000C01EA /* Build configuration list for PBXNativeTarget "BestAppEverTests" */ = {
			isa = XCConfigurationList;
			buildConfigurations = (
				E28AFA052A724499000C01EA /* Debug */,
				E28AFA062A724499000C01EA /* Release */,
			);
			defaultConfigurationIsVisible = 0;
			defaultConfigurationName = Release;
		};
		E28AFA072A724499000C01EA /* Build configuration list for PBXNativeTarget "BestAppEverUITests" */ = {
			isa = XCConfigurationList;
			buildConfigurations = (
				E28AFA082A724499000C01EA /* Debug */,
				E28AFA092A724499000C01EA /* Release */,
			);
			defaultConfigurationIsVisible = 0;
			defaultConfigurationName = Release;
		};
/* End XCConfigurationList section */

/* Begin XCRemoteSwiftPackageReference section */
		E28AFA0C2A724A99000C01EA /* XCRemoteSwiftPackageReference "SnapKit" */ = {
			isa = XCRemoteSwiftPackageReference;
			repositoryURL = "https://github.com/SnapKit/SnapKit.git";
			requirement = {
				kind = upToNextMajorVersion;
				minimumVersion = 5.0.0;
			};
		};
		E28AFA0F2A724B1A000C01EA /* XCRemoteSwiftPackageReference "components-ios" */ = {
			isa = XCRemoteSwiftPackageReference;
			repositoryURL = "https://github.com/johannfza/components-ios.git";
			requirement = {
				branch = main;
				kind = branch;
			};
		};
/* End XCRemoteSwiftPackageReference section */
	};
	rootObject = E28AF9CF2A724498000C01EA /* Project object */;
}
