{
  "pins" : [
    {
      "identity" : "components-ios",
      "kind" : "remoteSourceControl",
      "location" : "https://github.com/johannfza/components-ios.git",
      "state" : {
        "branch" : "main",
        "revision" : "89518ab054d4f0dbad331b1ae2469cdeb12dc443"
      }
    },
    {
      "identity" : "jtapplecalendar",
      "kind" : "remoteSourceControl",
      "location" : "https://github.com/johannfza/JTAppleCalendar.git",
      "state" : {
        "branch" : "master",
        "revision" : "61c7128ad3c68e1af42b5de37ab82a416f9ca0c5"
      }
    },
    {
      "identity" : "lottie-ios",
      "kind" : "remoteSourceControl",
      "location" : "https://github.com/airbnb/lottie-ios.git",
      "state" : {
        "revision" : "4a6058cbbdfe4f74aeae92c8bd51ad3b0de2a1ee",
        "version" : "3.3.0"
      }
    },
    {
      "identity" : "snapkit",
      "kind" : "remoteSourceControl",
      "location" : "https://github.com/SnapKit/SnapKit.git",
      "state" : {
        "revision" : "f222cbdf325885926566172f6f5f06af95473158",
        "version" : "5.6.0"
      }
    },
    {
      "identity" : "swifttheme",
      "kind" : "remoteSourceControl",
      "location" : "https://github.com/johannfza/SwiftTheme.git",
      "state" : {
        "branch" : "master",
        "revision" : "81503fbe03722cdebbb19bde40014d994ed37977"
      }
    }
  ],
  "version" : 2
}
